github.com/chzyer/logex v1.1.10/go.mod h1:+Ywpsq7O8HXn0nuIou7OrIPyXbp3wmkHB+jjWRnGsAI=
github.com/chzyer/readline v0.0.0-20180603132655-2972be24d48e/go.mod h1:nSuG5e5PlCu98SY8svDHJxuZscDgtXS6KTTbou5AhLI=
github.com/chzyer/test v0.0.0-20180213035817-a1ea475d72b1/go.mod h1:Q3SI9o4m/ZMnBNeIyt5eFwwo7qiLfzFZmjNmxjkiQlU=
go.starlark.net v0.0.0-20200617182756-c6daab680f28 h1:yIvCc17POzFllwKsdudcVgf4q7c9bI1vs/cqm8MuAK0=
go.starlark.net v0.0.0-20200617182756-c6daab680f28/go.mod h1:7MJ5a3UGvhYDcmDibLTlO6EEOVwPCNVCsthcNTmVbYE=
golang.org/x/sys v0.0.0-20191002063906-3421d5a6bb1c h1:Vco5b+cuG5NNfORVxZy6bYZQ7rsigisU1WQFkvQ0L5E=
golang.org/x/sys v0.0.0-20191002063906-3421d5a6bb1c/go.mod h1:h1NjWce9XRLGQEsW7wpKNCjG9DtNlClVuFLEZdDNbEs=
golang.org/x/sys v0.0.0-20200615200032-f1bc736245b1 h1:ogLJMz+qpzav7lGMh10LMvAkM/fAoGlaiiHYiFYdm80=
golang.org/x/sys v0.0.0-20200615200032-f1bc736245b1/go.mod h1:h1NjWce9XRLGQEsW7wpKNCjG9DtNlClVuFLEZdDNbEs=
